
Microsoft Visual Studio Solution File, Format Version 12.00
# Visual Studio 15
VisualStudioVersion = 15.0.28010.2026
MinimumVisualStudioVersion = 10.0.40219.1
Project("{FAE04EC0-301F-11D3-BF4B-00C04F79EFBC}") = "Binary_Reader_from_Arduino", "Binary_Reader_from_Arduino\Binary_Reader_from_Arduino.csproj", "{F99E0CEB-4101-46B9-AD22-D5933A9BDF79}"
EndProject
Global
	GlobalSection(SolutionConfigurationPlatforms) = preSolution
		Debug|Any CPU = Debug|Any CPU
		Release|Any CPU = Release|Any CPU
	EndGlobalSection
	GlobalSection(ProjectConfigurationPlatforms) = postSolution
		{F99E0CEB-4101-46B9-AD22-D5933A9BDF79}.Debug|Any CPU.ActiveCfg = Debug|Any CPU
		{F99E0CEB-4101-46B9-AD22-D5933A9BDF79}.Debug|Any CPU.Build.0 = Debug|Any CPU
		{F99E0CEB-4101-46B9-AD22-D5933A9BDF79}.Release|Any CPU.ActiveCfg = Release|Any CPU
		{F99E0CEB-4101-46B9-AD22-D5933A9BDF79}.Release|Any CPU.Build.0 = Release|Any CPU
	EndGlobalSection
	GlobalSection(SolutionProperties) = preSolution
		HideSolutionNode = FALSE
	EndGlobalSection
	GlobalSection(ExtensibilityGlobals) = postSolution
		SolutionGuid = {D8527930-4FB7-4691-A97F-224ED27D3B7C}
	EndGlobalSection
EndGlobal
