
Microsoft Visual Studio Solution File, Format Version 12.00
# Visual Studio 15
VisualStudioVersion = 15.0.28010.2026
MinimumVisualStudioVersion = 10.0.40219.1
Project("{FAE04EC0-301F-11D3-BF4B-00C04F79EFBC}") = "Server", "Server\Server.csproj", "{13F1FA6E-407F-4DBD-A2BE-E8A017AFC462}"
EndProject
Project("{8BC9CEB8-8B4A-11D0-8D11-00A0C91BC942}") = "Arduino", "Arduino\Arduino.vcxproj", "{C5F80730-F44F-4478-BDAE-6634EFC2CA88}"
EndProject
Project("{FAE04EC0-301F-11D3-BF4B-00C04F79EFBC}") = "Client", "Client\Client.csproj", "{D485CB61-3F78-4694-88DF-F4C471978E05}"
EndProject
Global
	GlobalSection(SolutionConfigurationPlatforms) = preSolution
		Debug|Any CPU = Debug|Any CPU
		Debug|x86 = Debug|x86
		Release|Any CPU = Release|Any CPU
		Release|x86 = Release|x86
	EndGlobalSection
	GlobalSection(ProjectConfigurationPlatforms) = postSolution
		{13F1FA6E-407F-4DBD-A2BE-E8A017AFC462}.Debug|Any CPU.ActiveCfg = Debug|Any CPU
		{13F1FA6E-407F-4DBD-A2BE-E8A017AFC462}.Debug|Any CPU.Build.0 = Debug|Any CPU
		{13F1FA6E-407F-4DBD-A2BE-E8A017AFC462}.Debug|x86.ActiveCfg = Debug|Any CPU
		{13F1FA6E-407F-4DBD-A2BE-E8A017AFC462}.Debug|x86.Build.0 = Debug|Any CPU
		{13F1FA6E-407F-4DBD-A2BE-E8A017AFC462}.Release|Any CPU.ActiveCfg = Release|Any CPU
		{13F1FA6E-407F-4DBD-A2BE-E8A017AFC462}.Release|Any CPU.Build.0 = Release|Any CPU
		{13F1FA6E-407F-4DBD-A2BE-E8A017AFC462}.Release|x86.ActiveCfg = Release|Any CPU
		{13F1FA6E-407F-4DBD-A2BE-E8A017AFC462}.Release|x86.Build.0 = Release|Any CPU
		{C5F80730-F44F-4478-BDAE-6634EFC2CA88}.Debug|Any CPU.ActiveCfg = Debug|Win32
		{C5F80730-F44F-4478-BDAE-6634EFC2CA88}.Debug|x86.ActiveCfg = Debug|Win32
		{C5F80730-F44F-4478-BDAE-6634EFC2CA88}.Debug|x86.Build.0 = Debug|Win32
		{C5F80730-F44F-4478-BDAE-6634EFC2CA88}.Release|Any CPU.ActiveCfg = Release|Win32
		{C5F80730-F44F-4478-BDAE-6634EFC2CA88}.Release|x86.ActiveCfg = Release|Win32
		{C5F80730-F44F-4478-BDAE-6634EFC2CA88}.Release|x86.Build.0 = Release|Win32
		{D485CB61-3F78-4694-88DF-F4C471978E05}.Debug|Any CPU.ActiveCfg = Debug|Any CPU
		{D485CB61-3F78-4694-88DF-F4C471978E05}.Debug|Any CPU.Build.0 = Debug|Any CPU
		{D485CB61-3F78-4694-88DF-F4C471978E05}.Debug|x86.ActiveCfg = Debug|Any CPU
		{D485CB61-3F78-4694-88DF-F4C471978E05}.Debug|x86.Build.0 = Debug|Any CPU
		{D485CB61-3F78-4694-88DF-F4C471978E05}.Release|Any CPU.ActiveCfg = Release|Any CPU
		{D485CB61-3F78-4694-88DF-F4C471978E05}.Release|Any CPU.Build.0 = Release|Any CPU
		{D485CB61-3F78-4694-88DF-F4C471978E05}.Release|x86.ActiveCfg = Release|Any CPU
		{D485CB61-3F78-4694-88DF-F4C471978E05}.Release|x86.Build.0 = Release|Any CPU
	EndGlobalSection
	GlobalSection(SolutionProperties) = preSolution
		HideSolutionNode = FALSE
	EndGlobalSection
	GlobalSection(ExtensibilityGlobals) = postSolution
		SolutionGuid = {F915CD4C-2C50-43C3-A0A7-86F78DA82189}
	EndGlobalSection
EndGlobal
